{
  "name": "heyui-sample",
  "version": "1.0.0",
  "lockfileVersion": 1,
  "requires": true,
  "dependencies": {
    "codemirror": {
      "version": "5.43.0",
      "resolved": "https://registry.npmjs.org/codemirror/-/codemirror-5.43.0.tgz",
      "integrity": "sha512-mljwQWUaWIf85I7QwTBryF2ASaIvmYAL4s5UCanCJFfKeXOKhrqdHWdHiZWAMNT+hjLTCnVx2S/SYTORIgxsgA=="
    },
    "hey-log": {
      "version": "0.0.8",
      "resolved": "https://registry.npmjs.org/hey-log/-/hey-log-0.0.8.tgz",
      "integrity": "sha1-wRR50kQhqtsGTKFpIV3XIY/8C5M="
    },
    "hey-utils": {
      "version": "0.1.1",
      "resolved": "https://registry.npmjs.org/hey-utils/-/hey-utils-0.1.1.tgz",
      "integrity": "sha512-QuexzwhUD6IIxqfrojOvw7yf1lYkuSHm6wEZBiHi0M4ONCfiumeZZw9Yt8wIWAxu28SNMJJ9k46f2Eye2ns8Nw=="
    },
    "heyui": {
      "version": "0.16.8",
      "resolved": "https://registry.npmjs.org/heyui/-/heyui-0.16.8.tgz",
      "integrity": "sha512-+rkkpFv01ZQ8iIA2wvQXG50n5X0pIAS0c0vSKoAkq4GCpXNsvUJA0oTjgkwH0aswaePL9wh6Lfh+2qLIVZPglA==",
      "requires": {
        "hey-log": "^0.0.8",
        "hey-utils": "^0.1.0",
        "manba": "^1.1.2"
      }
    },
    "manba": {
      "version": "1.2.7",
      "resolved": "https://registry.npmjs.org/manba/-/manba-1.2.7.tgz",
      "integrity": "sha512-W6UHV6OJQFMVk64n5LVXgsW8I9k/U87Jmjo0hLb83LUOE1d2VFLjpmcDdaeBleQ5HWC2opU8DK5TojMpNNvWrA=="
    },
    "vue": {
      "version": "2.5.13",
      "resolved": "https://registry.npmjs.org/vue/-/vue-2.5.13.tgz",
      "integrity": "sha512-3D+lY7HTkKbtswDM4BBHgqyq+qo8IAEE8lz8va1dz3LLmttjgo0FxairO4r1iN2OBqk8o1FyL4hvzzTFEdQSEw=="
    }
  }
}
